
Microsoft Visual Studio Solution File, Format Version 12.00
# Visual Studio Version 17
VisualStudioVersion = 17.8.34316.72
MinimumVisualStudioVersion = 10.0.40219.1
Project("{8BC9CEB8-8B4A-11D0-8D11-00A0C91BC942}") = "HotelMan", "HotelMan\HotelMan.vcxproj", "{6B517C57-235A-44EF-B005-6957362BFB55}"
EndProject
Project("{2150E333-8FDC-42A3-9474-1A3956D46DE8}") = "Solution Items", "Solution Items", "{80770C84-18C2-4518-B9F8-B4DAB8501270}"
	ProjectSection(SolutionItems) = preProject
		.editorconfig = .editorconfig
	EndProjectSection
EndProject
Global
	GlobalSection(SolutionConfigurationPlatforms) = preSolution
		Debug|x64 = Debug|x64
		Debug|x86 = Debug|x86
		Release|x64 = Release|x64
		Release|x86 = Release|x86
	EndGlobalSection
	GlobalSection(ProjectConfigurationPlatforms) = postSolution
		{6B517C57-235A-44EF-B005-6957362BFB55}.Debug|x64.ActiveCfg = Debug|x64
		{6B517C57-235A-44EF-B005-6957362BFB55}.Debug|x64.Build.0 = Debug|x64
		{6B517C57-235A-44EF-B005-6957362BFB55}.Debug|x86.ActiveCfg = Debug|Win32
		{6B517C57-235A-44EF-B005-6957362BFB55}.Debug|x86.Build.0 = Debug|Win32
		{6B517C57-235A-44EF-B005-6957362BFB55}.Release|x64.ActiveCfg = Release|x64
		{6B517C57-235A-44EF-B005-6957362BFB55}.Release|x64.Build.0 = Release|x64
		{6B517C57-235A-44EF-B005-6957362BFB55}.Release|x86.ActiveCfg = Release|Win32
		{6B517C57-235A-44EF-B005-6957362BFB55}.Release|x86.Build.0 = Release|Win32
	EndGlobalSection
	GlobalSection(SolutionProperties) = preSolution
		HideSolutionNode = FALSE
	EndGlobalSection
	GlobalSection(ExtensibilityGlobals) = postSolution
		SolutionGuid = {868E39BA-80D5-4A4B-92EC-73FFF89D1426}
	EndGlobalSection
EndGlobal
